
Microsoft Visual Studio Solution File, Format Version 12.00
# Visual Studio Version 16
VisualStudioVersion = 16.0.29519.87
MinimumVisualStudioVersion = 15.0.26124.0
Project("{9A19103F-16F7-4668-BE54-9A1E7A4F7556}") = "SampleBank.Domain", "SampleBank.Domain\SampleBank.Domain.csproj", "{D574B754-9304-47A4-95C7-637E23B7FD6A}"
EndProject
Project("{9A19103F-16F7-4668-BE54-9A1E7A4F7556}") = "SampleBank.Infrastructure", "SampleBank.Infrastructure\SampleBank.Infrastructure.csproj", "{DC478D14-8ABE-4CE9-9438-6B5BD538595D}"
EndProject
Project("{9A19103F-16F7-4668-BE54-9A1E7A4F7556}") = "SampleBank.API", "SampleBank.API\SampleBank.API.csproj", "{9EB9DEE1-54D1-4F0D-B0AA-D668151B6AC8}"
EndProject
Global
	GlobalSection(SolutionConfigurationPlatforms) = preSolution
		Debug|Any CPU = Debug|Any CPU
		Debug|x64 = Debug|x64
		Debug|x86 = Debug|x86
		Release|Any CPU = Release|Any CPU
		Release|x64 = Release|x64
		Release|x86 = Release|x86
	EndGlobalSection
	GlobalSection(ProjectConfigurationPlatforms) = postSolution
		{D574B754-9304-47A4-95C7-637E23B7FD6A}.Debug|Any CPU.ActiveCfg = Debug|Any CPU
		{D574B754-9304-47A4-95C7-637E23B7FD6A}.Debug|Any CPU.Build.0 = Debug|Any CPU
		{D574B754-9304-47A4-95C7-637E23B7FD6A}.Debug|x64.ActiveCfg = Debug|Any CPU
		{D574B754-9304-47A4-95C7-637E23B7FD6A}.Debug|x64.Build.0 = Debug|Any CPU
		{D574B754-9304-47A4-95C7-637E23B7FD6A}.Debug|x86.ActiveCfg = Debug|Any CPU
		{D574B754-9304-47A4-95C7-637E23B7FD6A}.Debug|x86.Build.0 = Debug|Any CPU
		{D574B754-9304-47A4-95C7-637E23B7FD6A}.Release|Any CPU.ActiveCfg = Release|Any CPU
		{D574B754-9304-47A4-95C7-637E23B7FD6A}.Release|Any CPU.Build.0 = Release|Any CPU
		{D574B754-9304-47A4-95C7-637E23B7FD6A}.Release|x64.ActiveCfg = Release|Any CPU
		{D574B754-9304-47A4-95C7-637E23B7FD6A}.Release|x64.Build.0 = Release|Any CPU
		{D574B754-9304-47A4-95C7-637E23B7FD6A}.Release|x86.ActiveCfg = Release|Any CPU
		{D574B754-9304-47A4-95C7-637E23B7FD6A}.Release|x86.Build.0 = Release|Any CPU
		{DC478D14-8ABE-4CE9-9438-6B5BD538595D}.Debug|Any CPU.ActiveCfg = Debug|Any CPU
		{DC478D14-8ABE-4CE9-9438-6B5BD538595D}.Debug|Any CPU.Build.0 = Debug|Any CPU
		{DC478D14-8ABE-4CE9-9438-6B5BD538595D}.Debug|x64.ActiveCfg = Debug|Any CPU
		{DC478D14-8ABE-4CE9-9438-6B5BD538595D}.Debug|x64.Build.0 = Debug|Any CPU
		{DC478D14-8ABE-4CE9-9438-6B5BD538595D}.Debug|x86.ActiveCfg = Debug|Any CPU
		{DC478D14-8ABE-4CE9-9438-6B5BD538595D}.Debug|x86.Build.0 = Debug|Any CPU
		{DC478D14-8ABE-4CE9-9438-6B5BD538595D}.Release|Any CPU.ActiveCfg = Release|Any CPU
		{DC478D14-8ABE-4CE9-9438-6B5BD538595D}.Release|Any CPU.Build.0 = Release|Any CPU
		{DC478D14-8ABE-4CE9-9438-6B5BD538595D}.Release|x64.ActiveCfg = Release|Any CPU
		{DC478D14-8ABE-4CE9-9438-6B5BD538595D}.Release|x64.Build.0 = Release|Any CPU
		{DC478D14-8ABE-4CE9-9438-6B5BD538595D}.Release|x86.ActiveCfg = Release|Any CPU
		{DC478D14-8ABE-4CE9-9438-6B5BD538595D}.Release|x86.Build.0 = Release|Any CPU
		{9EB9DEE1-54D1-4F0D-B0AA-D668151B6AC8}.Debug|Any CPU.ActiveCfg = Debug|Any CPU
		{9EB9DEE1-54D1-4F0D-B0AA-D668151B6AC8}.Debug|Any CPU.Build.0 = Debug|Any CPU
		{9EB9DEE1-54D1-4F0D-B0AA-D668151B6AC8}.Debug|x64.ActiveCfg = Debug|Any CPU
		{9EB9DEE1-54D1-4F0D-B0AA-D668151B6AC8}.Debug|x64.Build.0 = Debug|Any CPU
		{9EB9DEE1-54D1-4F0D-B0AA-D668151B6AC8}.Debug|x86.ActiveCfg = Debug|Any CPU
		{9EB9DEE1-54D1-4F0D-B0AA-D668151B6AC8}.Debug|x86.Build.0 = Debug|Any CPU
		{9EB9DEE1-54D1-4F0D-B0AA-D668151B6AC8}.Release|Any CPU.ActiveCfg = Release|Any CPU
		{9EB9DEE1-54D1-4F0D-B0AA-D668151B6AC8}.Release|Any CPU.Build.0 = Release|Any CPU
		{9EB9DEE1-54D1-4F0D-B0AA-D668151B6AC8}.Release|x64.ActiveCfg = Release|Any CPU
		{9EB9DEE1-54D1-4F0D-B0AA-D668151B6AC8}.Release|x64.Build.0 = Release|Any CPU
		{9EB9DEE1-54D1-4F0D-B0AA-D668151B6AC8}.Release|x86.ActiveCfg = Release|Any CPU
		{9EB9DEE1-54D1-4F0D-B0AA-D668151B6AC8}.Release|x86.Build.0 = Release|Any CPU
	EndGlobalSection
	GlobalSection(SolutionProperties) = preSolution
		HideSolutionNode = FALSE
	EndGlobalSection
	GlobalSection(ExtensibilityGlobals) = postSolution
		SolutionGuid = {F4F9979C-A75A-49F0-8A9E-A799841AA39D}
	EndGlobalSection
EndGlobal
